Microsoft Visual Studio Solution File, Format Version 11.00
# Visual Studio 2010
Project("{FAE04EC0-301F-11D3-BF4B-00C04F79EFBC}") = "SLShowDetailButton", "SLShowDetailButton\SLShowDetailButton.csproj", "{A31CA4F9-4EC2-4FD0-A503-B35D3FF207B0}"
EndProject
Global
	GlobalSection(SolutionConfigurationPlatforms) = preSolution
		Debug|Any CPU = Debug|Any CPU
		Release|Any CPU = Release|Any CPU
	EndGlobalSection
	GlobalSection(ProjectConfigurationPlatforms) = postSolution
		{A31CA4F9-4EC2-4FD0-A503-B35D3FF207B0}.Debug|Any CPU.ActiveCfg = Debug|Any CPU
		{A31CA4F9-4EC2-4FD0-A503-B35D3FF207B0}.Debug|Any CPU.Build.0 = Debug|Any CPU
		{A31CA4F9-4EC2-4FD0-A503-B35D3FF207B0}.Release|Any CPU.ActiveCfg = Release|Any CPU
		{A31CA4F9-4EC2-4FD0-A503-B35D3FF207B0}.Release|Any CPU.Build.0 = Release|Any CPU
	EndGlobalSection
	GlobalSection(SolutionProperties) = preSolution
		HideSolutionNode = FALSE
	EndGlobalSection
EndGlobal
